
Microsoft Visual Studio Solution File, Format Version 12.00
# Visual Studio Version 17
VisualStudioVersion = 17.11.35219.272
MinimumVisualStudioVersion = 10.0.40219.1
Project("{FAE04EC0-301F-11D3-BF4B-00C04F79EFBC}") = "TaskManagementSystem", "TaskManagementSystem.csproj", "{1B8BD24E-E559-4BD2-B95C-8E1FD73CD593}"
EndProject
Global
	GlobalSection(SolutionConfigurationPlatforms) = preSolution
		Debug|Any CPU = Debug|Any CPU
		Release|Any CPU = Release|Any CPU
	EndGlobalSection
	GlobalSection(ProjectConfigurationPlatforms) = postSolution
		{1B8BD24E-E559-4BD2-B95C-8E1FD73CD593}.Debug|Any CPU.ActiveCfg = Debug|Any CPU
		{1B8BD24E-E559-4BD2-B95C-8E1FD73CD593}.Debug|Any CPU.Build.0 = Debug|Any CPU
		{1B8BD24E-E559-4BD2-B95C-8E1FD73CD593}.Release|Any CPU.ActiveCfg = Release|Any CPU
		{1B8BD24E-E559-4BD2-B95C-8E1FD73CD593}.Release|Any CPU.Build.0 = Release|Any CPU
	EndGlobalSection
	GlobalSection(SolutionProperties) = preSolution
		HideSolutionNode = FALSE
	EndGlobalSection
	GlobalSection(ExtensibilityGlobals) = postSolution
		SolutionGuid = {94999420-2C6F-42B5-9F14-0A6DA5EDD98F}
	EndGlobalSection
EndGlobal
